
Microsoft Visual Studio Solution File, Format Version 12.00
# Visual Studio Version 17
VisualStudioVersion = 17.2.32526.322
MinimumVisualStudioVersion = 10.0.40219.1
Project("{FAE04EC0-301F-11D3-BF4B-00C04F79EFBC}") = "HashTable", "HashTable\HashTable.csproj", "{0857C700-5312-4CDF-9A3E-ADC7BA5F7224}"
EndProject
Global
	GlobalSection(SolutionConfigurationPlatforms) = preSolution
		Debug|Any CPU = Debug|Any CPU
		Release|Any CPU = Release|Any CPU
	EndGlobalSection
	GlobalSection(ProjectConfigurationPlatforms) = postSolution
		{0857C700-5312-4CDF-9A3E-ADC7BA5F7224}.Debug|Any CPU.ActiveCfg = Debug|Any CPU
		{0857C700-5312-4CDF-9A3E-ADC7BA5F7224}.Debug|Any CPU.Build.0 = Debug|Any CPU
		{0857C700-5312-4CDF-9A3E-ADC7BA5F7224}.Release|Any CPU.ActiveCfg = Release|Any CPU
		{0857C700-5312-4CDF-9A3E-ADC7BA5F7224}.Release|Any CPU.Build.0 = Release|Any CPU
	EndGlobalSection
	GlobalSection(SolutionProperties) = preSolution
		HideSolutionNode = FALSE
	EndGlobalSection
	GlobalSection(ExtensibilityGlobals) = postSolution
		SolutionGuid = {E3BD0F56-540D-4B53-B24D-28394B06895F}
	EndGlobalSection
EndGlobal
